
Microsoft Visual Studio Solution File, Format Version 12.00
# Visual Studio Version 16
VisualStudioVersion = 16.0.31321.278
MinimumVisualStudioVersion = 10.0.40219.1
Project("{FAE04EC0-301F-11D3-BF4B-00C04F79EFBC}") = "RPN", "RPN\RPN.csproj", "{AF900FF6-A053-4657-BFB4-15B11EE931B1}"
EndProject
Project("{FAE04EC0-301F-11D3-BF4B-00C04F79EFBC}") = "RPNLogic", "RPNLogic\RPNLogic.csproj", "{6E5D0EB3-633B-4CD3-985C-6E7056D3E101}"
EndProject
Project("{FAE04EC0-301F-11D3-BF4B-00C04F79EFBC}") = "ViewModel", "ViewModel\ViewModel.csproj", "{919DB843-D176-45CA-9E2C-AE6ACB2D9705}"
EndProject
Global
	GlobalSection(SolutionConfigurationPlatforms) = preSolution
		Debug|Any CPU = Debug|Any CPU
		Release|Any CPU = Release|Any CPU
	EndGlobalSection
	GlobalSection(ProjectConfigurationPlatforms) = postSolution
		{AF900FF6-A053-4657-BFB4-15B11EE931B1}.Debug|Any CPU.ActiveCfg = Debug|Any CPU
		{AF900FF6-A053-4657-BFB4-15B11EE931B1}.Debug|Any CPU.Build.0 = Debug|Any CPU
		{AF900FF6-A053-4657-BFB4-15B11EE931B1}.Release|Any CPU.ActiveCfg = Release|Any CPU
		{AF900FF6-A053-4657-BFB4-15B11EE931B1}.Release|Any CPU.Build.0 = Release|Any CPU
		{6E5D0EB3-633B-4CD3-985C-6E7056D3E101}.Debug|Any CPU.ActiveCfg = Debug|Any CPU
		{6E5D0EB3-633B-4CD3-985C-6E7056D3E101}.Debug|Any CPU.Build.0 = Debug|Any CPU
		{6E5D0EB3-633B-4CD3-985C-6E7056D3E101}.Release|Any CPU.ActiveCfg = Release|Any CPU
		{6E5D0EB3-633B-4CD3-985C-6E7056D3E101}.Release|Any CPU.Build.0 = Release|Any CPU
		{919DB843-D176-45CA-9E2C-AE6ACB2D9705}.Debug|Any CPU.ActiveCfg = Debug|Any CPU
		{919DB843-D176-45CA-9E2C-AE6ACB2D9705}.Debug|Any CPU.Build.0 = Debug|Any CPU
		{919DB843-D176-45CA-9E2C-AE6ACB2D9705}.Release|Any CPU.ActiveCfg = Release|Any CPU
		{919DB843-D176-45CA-9E2C-AE6ACB2D9705}.Release|Any CPU.Build.0 = Release|Any CPU
	EndGlobalSection
	GlobalSection(SolutionProperties) = preSolution
		HideSolutionNode = FALSE
	EndGlobalSection
	GlobalSection(ExtensibilityGlobals) = postSolution
		SolutionGuid = {75705491-7E5C-4F67-97BE-9984095DE3CF}
	EndGlobalSection
EndGlobal
